
Microsoft Visual Studio Solution File, Format Version 12.00
# Visual Studio Version 16
VisualStudioVersion = 16.0.28922.388
MinimumVisualStudioVersion = 10.0.40219.1
Project("{FAE04EC0-301F-11D3-BF4B-00C04F79EFBC}") = "Online_Scheduler", "Online_Scheduler\Online_Scheduler.csproj", "{E11E4784-F8B5-494A-8F5E-0F289EF2E90B}"
EndProject
Global
	GlobalSection(SolutionConfigurationPlatforms) = preSolution
		Debug|Any CPU = Debug|Any CPU
		Release|Any CPU = Release|Any CPU
	EndGlobalSection
	GlobalSection(ProjectConfigurationPlatforms) = postSolution
		{E11E4784-F8B5-494A-8F5E-0F289EF2E90B}.Debug|Any CPU.ActiveCfg = Debug|Any CPU
		{E11E4784-F8B5-494A-8F5E-0F289EF2E90B}.Debug|Any CPU.Build.0 = Debug|Any CPU
		{E11E4784-F8B5-494A-8F5E-0F289EF2E90B}.Release|Any CPU.ActiveCfg = Release|Any CPU
		{E11E4784-F8B5-494A-8F5E-0F289EF2E90B}.Release|Any CPU.Build.0 = Release|Any CPU
	EndGlobalSection
	GlobalSection(SolutionProperties) = preSolution
		HideSolutionNode = FALSE
	EndGlobalSection
	GlobalSection(ExtensibilityGlobals) = postSolution
		SolutionGuid = {E759D5B5-0337-4ED8-848F-A8AE41277ABB}
	EndGlobalSection
EndGlobal
